
Microsoft Visual Studio Solution File, Format Version 12.00
# Visual Studio Version 16
VisualStudioVersion = 16.0.34031.81
MinimumVisualStudioVersion = 10.0.40219.1
Project("{FAE04EC0-301F-11D3-BF4B-00C04F79EFBC}") = "login", "login\login.csproj", "{47245221-74B0-4162-A07C-D5F0A904D029}"
EndProject
Global
	GlobalSection(SolutionConfigurationPlatforms) = preSolution
		Debug|Any CPU = Debug|Any CPU
		Release|Any CPU = Release|Any CPU
	EndGlobalSection
	GlobalSection(ProjectConfigurationPlatforms) = postSolution
		{47245221-74B0-4162-A07C-D5F0A904D029}.Debug|Any CPU.ActiveCfg = Debug|Any CPU
		{47245221-74B0-4162-A07C-D5F0A904D029}.Debug|Any CPU.Build.0 = Debug|Any CPU
		{47245221-74B0-4162-A07C-D5F0A904D029}.Release|Any CPU.ActiveCfg = Release|Any CPU
		{47245221-74B0-4162-A07C-D5F0A904D029}.Release|Any CPU.Build.0 = Release|Any CPU
	EndGlobalSection
	GlobalSection(SolutionProperties) = preSolution
		HideSolutionNode = FALSE
	EndGlobalSection
	GlobalSection(ExtensibilityGlobals) = postSolution
		SolutionGuid = {123DAA91-439D-4431-8AE4-35D691D3DD8F}
	EndGlobalSection
EndGlobal
